
Microsoft Visual Studio Solution File, Format Version 12.00
# Visual Studio Version 17
VisualStudioVersion = 17.10.35013.160
MinimumVisualStudioVersion = 10.0.40219.1
Project("{FAE04EC0-301F-11D3-BF4B-00C04F79EFBC}") = "TestApp", "TestApp\TestApp.csproj", "{9FEDA0B8-47E9-4CEA-90CF-33F27E965536}"
EndProject
Global
	GlobalSection(SolutionConfigurationPlatforms) = preSolution
		Debug|Any CPU = Debug|Any CPU
		Release|Any CPU = Release|Any CPU
	EndGlobalSection
	GlobalSection(ProjectConfigurationPlatforms) = postSolution
		{9FEDA0B8-47E9-4CEA-90CF-33F27E965536}.Debug|Any CPU.ActiveCfg = Debug|Any CPU
		{9FEDA0B8-47E9-4CEA-90CF-33F27E965536}.Debug|Any CPU.Build.0 = Debug|Any CPU
		{9FEDA0B8-47E9-4CEA-90CF-33F27E965536}.Release|Any CPU.ActiveCfg = Release|Any CPU
		{9FEDA0B8-47E9-4CEA-90CF-33F27E965536}.Release|Any CPU.Build.0 = Release|Any CPU
	EndGlobalSection
	GlobalSection(SolutionProperties) = preSolution
		HideSolutionNode = FALSE
	EndGlobalSection
	GlobalSection(ExtensibilityGlobals) = postSolution
		SolutionGuid = {C0609775-1F20-42E4-8A4D-187DCC6E591E}
	EndGlobalSection
EndGlobal
